
Microsoft Visual Studio Solution File, Format Version 12.00
# Visual Studio 15
VisualStudioVersion = 15.0.27703.2047
MinimumVisualStudioVersion = 10.0.40219.1
Project("{FAE04EC0-301F-11D3-BF4B-00C04F79EFBC}") = "RoomEditor", "RoomEditor\RoomEditor.csproj", "{C06BA720-53FD-46A3-8056-87778326626C}"
EndProject
Project("{FAE04EC0-301F-11D3-BF4B-00C04F79EFBC}") = "ExternalLib2", "ExternalLib2\ExternalLib2.csproj", "{498BBAFD-FB64-43E5-8A05-E07A7075E4CC}"
EndProject
Global
	GlobalSection(SolutionConfigurationPlatforms) = preSolution
		Debug|Any CPU = Debug|Any CPU
		Release|Any CPU = Release|Any CPU
	EndGlobalSection
	GlobalSection(ProjectConfigurationPlatforms) = postSolution
		{C06BA720-53FD-46A3-8056-87778326626C}.Debug|Any CPU.ActiveCfg = Debug|Any CPU
		{C06BA720-53FD-46A3-8056-87778326626C}.Debug|Any CPU.Build.0 = Debug|Any CPU
		{C06BA720-53FD-46A3-8056-87778326626C}.Release|Any CPU.ActiveCfg = Release|Any CPU
		{C06BA720-53FD-46A3-8056-87778326626C}.Release|Any CPU.Build.0 = Release|Any CPU
		{498BBAFD-FB64-43E5-8A05-E07A7075E4CC}.Debug|Any CPU.ActiveCfg = Debug|Any CPU
		{498BBAFD-FB64-43E5-8A05-E07A7075E4CC}.Debug|Any CPU.Build.0 = Debug|Any CPU
		{498BBAFD-FB64-43E5-8A05-E07A7075E4CC}.Release|Any CPU.ActiveCfg = Release|Any CPU
		{498BBAFD-FB64-43E5-8A05-E07A7075E4CC}.Release|Any CPU.Build.0 = Release|Any CPU
	EndGlobalSection
	GlobalSection(SolutionProperties) = preSolution
		HideSolutionNode = FALSE
	EndGlobalSection
	GlobalSection(ExtensibilityGlobals) = postSolution
		SolutionGuid = {DB8560D3-B4E7-4EFA-8409-75081C30486B}
	EndGlobalSection
EndGlobal
