
Microsoft Visual Studio Solution File, Format Version 12.00
# Visual Studio 15
VisualStudioVersion = 15.0.27703.2047
MinimumVisualStudioVersion = 10.0.40219.1
Project("{8BC9CEB8-8B4A-11D0-8D11-00A0C91BC942}") = "CodeDesign", "CodeDesign\CodeDesign.vcxproj", "{7B604D4B-9F0E-4DD5-BD88-A9ECB3A1C889}"
EndProject
Project("{8BC9CEB8-8B4A-11D0-8D11-00A0C91BC942}") = "OperatorOverloading", "OperatorOverloading\OperatorOverloading.vcxproj", "{582017E7-02CD-48EA-9871-80ADBFDF5945}"
EndProject
Project("{8BC9CEB8-8B4A-11D0-8D11-00A0C91BC942}") = "WizBarCorps", "WizBarCorps\WizBarCorps.vcxproj", "{228FCF1F-2D1E-4DAA-9B64-B565B65F73C9}"
EndProject
Project("{8BC9CEB8-8B4A-11D0-8D11-00A0C91BC942}") = "Inheritance", "Inheritance\Inheritance.vcxproj", "{25E60066-A1B3-4C0D-9DEB-202A3189F498}"
EndProject
Project("{8BC9CEB8-8B4A-11D0-8D11-00A0C91BC942}") = "Polymorphism", "Polymorphism\Polymorphism.vcxproj", "{67CE6500-A77B-4B37-BC6D-BD6186BFD5FD}"
EndProject
Project("{8BC9CEB8-8B4A-11D0-8D11-00A0C91BC942}") = "Templates", "Templates\Templates.vcxproj", "{95C1C9E5-C4CC-4171-91F1-76804A9F87AA}"
EndProject
Project("{8BC9CEB8-8B4A-11D0-8D11-00A0C91BC942}") = "StandardTemplateLibrary", "StandardTemplateLibrary\StandardTemplateLibrary.vcxproj", "{77C600CE-3221-4A4F-B596-EA9872CB7E81}"
EndProject
Project("{8BC9CEB8-8B4A-11D0-8D11-00A0C91BC942}") = "ConstantsAndTypedefs", "ConstantsAndTypedefs\ConstantsAndTypedefs.vcxproj", "{66479631-9400-48CC-B847-ADCA0FB198DB}"
EndProject
Project("{8BC9CEB8-8B4A-11D0-8D11-00A0C91BC942}") = "DynamicArrays", "DynamicArrays\DynamicArrays.vcxproj", "{A3DDC963-0B0E-43DF-ACB8-92D37F93CF82}"
EndProject
Project("{8BC9CEB8-8B4A-11D0-8D11-00A0C91BC942}") = "LinkedLists", "LinkedLists\LinkedLists.vcxproj", "{2A9A4EB1-22BF-47F8-951D-A60ACCBA4ECD}"
EndProject
Project("{8BC9CEB8-8B4A-11D0-8D11-00A0C91BC942}") = "Sorting", "Sorting\Sorting.vcxproj", "{34B217C3-A752-4433-A729-2652C5DE3FB6}"
EndProject
Project("{8BC9CEB8-8B4A-11D0-8D11-00A0C91BC942}") = "Singleton", "Singleton\Singleton.vcxproj", "{91FECE77-E87F-4104-8C03-7DD149A124B5}"
EndProject
Project("{8BC9CEB8-8B4A-11D0-8D11-00A0C91BC942}") = "FactoryPattern", "FactoryPattern\FactoryPattern.vcxproj", "{39B4678C-22AD-4A1F-BC56-2E6C765291A3}"
EndProject
Project("{8BC9CEB8-8B4A-11D0-8D11-00A0C91BC942}") = "PrototypePattern", "PrototypePattern\PrototypePattern.vcxproj", "{A8AE39E4-D579-444A-B02F-97666F398694}"
EndProject
Global
	GlobalSection(SolutionConfigurationPlatforms) = preSolution
		Debug|x64 = Debug|x64
		Debug|x86 = Debug|x86
		Release|x64 = Release|x64
		Release|x86 = Release|x86
	EndGlobalSection
	GlobalSection(ProjectConfigurationPlatforms) = postSolution
		{7B604D4B-9F0E-4DD5-BD88-A9ECB3A1C889}.Debug|x64.ActiveCfg = Debug|x64
		{7B604D4B-9F0E-4DD5-BD88-A9ECB3A1C889}.Debug|x64.Build.0 = Debug|x64
		{7B604D4B-9F0E-4DD5-BD88-A9ECB3A1C889}.Debug|x86.ActiveCfg = Debug|Win32
		{7B604D4B-9F0E-4DD5-BD88-A9ECB3A1C889}.Debug|x86.Build.0 = Debug|Win32
		{7B604D4B-9F0E-4DD5-BD88-A9ECB3A1C889}.Release|x64.ActiveCfg = Release|x64
		{7B604D4B-9F0E-4DD5-BD88-A9ECB3A1C889}.Release|x64.Build.0 = Release|x64
		{7B604D4B-9F0E-4DD5-BD88-A9ECB3A1C889}.Release|x86.ActiveCfg = Release|Win32
		{7B604D4B-9F0E-4DD5-BD88-A9ECB3A1C889}.Release|x86.Build.0 = Release|Win32
		{582017E7-02CD-48EA-9871-80ADBFDF5945}.Debug|x64.ActiveCfg = Debug|x64
		{582017E7-02CD-48EA-9871-80ADBFDF5945}.Debug|x64.Build.0 = Debug|x64
		{582017E7-02CD-48EA-9871-80ADBFDF5945}.Debug|x86.ActiveCfg = Debug|Win32
		{582017E7-02CD-48EA-9871-80ADBFDF5945}.Debug|x86.Build.0 = Debug|Win32
		{582017E7-02CD-48EA-9871-80ADBFDF5945}.Release|x64.ActiveCfg = Release|x64
		{582017E7-02CD-48EA-9871-80ADBFDF5945}.Release|x64.Build.0 = Release|x64
		{582017E7-02CD-48EA-9871-80ADBFDF5945}.Release|x86.ActiveCfg = Release|Win32
		{582017E7-02CD-48EA-9871-80ADBFDF5945}.Release|x86.Build.0 = Release|Win32
		{228FCF1F-2D1E-4DAA-9B64-B565B65F73C9}.Debug|x64.ActiveCfg = Debug|x64
		{228FCF1F-2D1E-4DAA-9B64-B565B65F73C9}.Debug|x64.Build.0 = Debug|x64
		{228FCF1F-2D1E-4DAA-9B64-B565B65F73C9}.Debug|x86.ActiveCfg = Debug|Win32
		{228FCF1F-2D1E-4DAA-9B64-B565B65F73C9}.Debug|x86.Build.0 = Debug|Win32
		{228FCF1F-2D1E-4DAA-9B64-B565B65F73C9}.Release|x64.ActiveCfg = Release|x64
		{228FCF1F-2D1E-4DAA-9B64-B565B65F73C9}.Release|x64.Build.0 = Release|x64
		{228FCF1F-2D1E-4DAA-9B64-B565B65F73C9}.Release|x86.ActiveCfg = Release|Win32
		{228FCF1F-2D1E-4DAA-9B64-B565B65F73C9}.Release|x86.Build.0 = Release|Win32
		{25E60066-A1B3-4C0D-9DEB-202A3189F498}.Debug|x64.ActiveCfg = Debug|x64
		{25E60066-A1B3-4C0D-9DEB-202A3189F498}.Debug|x64.Build.0 = Debug|x64
		{25E60066-A1B3-4C0D-9DEB-202A3189F498}.Debug|x86.ActiveCfg = Debug|Win32
		{25E60066-A1B3-4C0D-9DEB-202A3189F498}.Debug|x86.Build.0 = Debug|Win32
		{25E60066-A1B3-4C0D-9DEB-202A3189F498}.Release|x64.ActiveCfg = Release|x64
		{25E60066-A1B3-4C0D-9DEB-202A3189F498}.Release|x64.Build.0 = Release|x64
		{25E60066-A1B3-4C0D-9DEB-202A3189F498}.Release|x86.ActiveCfg = Release|Win32
		{25E60066-A1B3-4C0D-9DEB-202A3189F498}.Release|x86.Build.0 = Release|Win32
		{67CE6500-A77B-4B37-BC6D-BD6186BFD5FD}.Debug|x64.ActiveCfg = Debug|x64
		{67CE6500-A77B-4B37-BC6D-BD6186BFD5FD}.Debug|x64.Build.0 = Debug|x64
		{67CE6500-A77B-4B37-BC6D-BD6186BFD5FD}.Debug|x86.ActiveCfg = Debug|Win32
		{67CE6500-A77B-4B37-BC6D-BD6186BFD5FD}.Debug|x86.Build.0 = Debug|Win32
		{67CE6500-A77B-4B37-BC6D-BD6186BFD5FD}.Release|x64.ActiveCfg = Release|x64
		{67CE6500-A77B-4B37-BC6D-BD6186BFD5FD}.Release|x64.Build.0 = Release|x64
		{67CE6500-A77B-4B37-BC6D-BD6186BFD5FD}.Release|x86.ActiveCfg = Release|Win32
		{67CE6500-A77B-4B37-BC6D-BD6186BFD5FD}.Release|x86.Build.0 = Release|Win32
		{95C1C9E5-C4CC-4171-91F1-76804A9F87AA}.Debug|x64.ActiveCfg = Debug|x64
		{95C1C9E5-C4CC-4171-91F1-76804A9F87AA}.Debug|x64.Build.0 = Debug|x64
		{95C1C9E5-C4CC-4171-91F1-76804A9F87AA}.Debug|x86.ActiveCfg = Debug|Win32
		{95C1C9E5-C4CC-4171-91F1-76804A9F87AA}.Debug|x86.Build.0 = Debug|Win32
		{95C1C9E5-C4CC-4171-91F1-76804A9F87AA}.Release|x64.ActiveCfg = Release|x64
		{95C1C9E5-C4CC-4171-91F1-76804A9F87AA}.Release|x64.Build.0 = Release|x64
		{95C1C9E5-C4CC-4171-91F1-76804A9F87AA}.Release|x86.ActiveCfg = Release|Win32
		{95C1C9E5-C4CC-4171-91F1-76804A9F87AA}.Release|x86.Build.0 = Release|Win32
		{77C600CE-3221-4A4F-B596-EA9872CB7E81}.Debug|x64.ActiveCfg = Debug|x64
		{77C600CE-3221-4A4F-B596-EA9872CB7E81}.Debug|x64.Build.0 = Debug|x64
		{77C600CE-3221-4A4F-B596-EA9872CB7E81}.Debug|x86.ActiveCfg = Debug|Win32
		{77C600CE-3221-4A4F-B596-EA9872CB7E81}.Debug|x86.Build.0 = Debug|Win32
		{77C600CE-3221-4A4F-B596-EA9872CB7E81}.Release|x64.ActiveCfg = Release|x64
		{77C600CE-3221-4A4F-B596-EA9872CB7E81}.Release|x64.Build.0 = Release|x64
		{77C600CE-3221-4A4F-B596-EA9872CB7E81}.Release|x86.ActiveCfg = Release|Win32
		{77C600CE-3221-4A4F-B596-EA9872CB7E81}.Release|x86.Build.0 = Release|Win32
		{66479631-9400-48CC-B847-ADCA0FB198DB}.Debug|x64.ActiveCfg = Debug|x64
		{66479631-9400-48CC-B847-ADCA0FB198DB}.Debug|x64.Build.0 = Debug|x64
		{66479631-9400-48CC-B847-ADCA0FB198DB}.Debug|x86.ActiveCfg = Debug|Win32
		{66479631-9400-48CC-B847-ADCA0FB198DB}.Debug|x86.Build.0 = Debug|Win32
		{66479631-9400-48CC-B847-ADCA0FB198DB}.Release|x64.ActiveCfg = Release|x64
		{66479631-9400-48CC-B847-ADCA0FB198DB}.Release|x64.Build.0 = Release|x64
		{66479631-9400-48CC-B847-ADCA0FB198DB}.Release|x86.ActiveCfg = Release|Win32
		{66479631-9400-48CC-B847-ADCA0FB198DB}.Release|x86.Build.0 = Release|Win32
		{A3DDC963-0B0E-43DF-ACB8-92D37F93CF82}.Debug|x64.ActiveCfg = Debug|x64
		{A3DDC963-0B0E-43DF-ACB8-92D37F93CF82}.Debug|x64.Build.0 = Debug|x64
		{A3DDC963-0B0E-43DF-ACB8-92D37F93CF82}.Debug|x86.ActiveCfg = Debug|Win32
		{A3DDC963-0B0E-43DF-ACB8-92D37F93CF82}.Debug|x86.Build.0 = Debug|Win32
		{A3DDC963-0B0E-43DF-ACB8-92D37F93CF82}.Release|x64.ActiveCfg = Release|x64
		{A3DDC963-0B0E-43DF-ACB8-92D37F93CF82}.Release|x64.Build.0 = Release|x64
		{A3DDC963-0B0E-43DF-ACB8-92D37F93CF82}.Release|x86.ActiveCfg = Release|Win32
		{A3DDC963-0B0E-43DF-ACB8-92D37F93CF82}.Release|x86.Build.0 = Release|Win32
		{2A9A4EB1-22BF-47F8-951D-A60ACCBA4ECD}.Debug|x64.ActiveCfg = Debug|x64
		{2A9A4EB1-22BF-47F8-951D-A60ACCBA4ECD}.Debug|x64.Build.0 = Debug|x64
		{2A9A4EB1-22BF-47F8-951D-A60ACCBA4ECD}.Debug|x86.ActiveCfg = Debug|Win32
		{2A9A4EB1-22BF-47F8-951D-A60ACCBA4ECD}.Debug|x86.Build.0 = Debug|Win32
		{2A9A4EB1-22BF-47F8-951D-A60ACCBA4ECD}.Release|x64.ActiveCfg = Release|x64
		{2A9A4EB1-22BF-47F8-951D-A60ACCBA4ECD}.Release|x64.Build.0 = Release|x64
		{2A9A4EB1-22BF-47F8-951D-A60ACCBA4ECD}.Release|x86.ActiveCfg = Release|Win32
		{2A9A4EB1-22BF-47F8-951D-A60ACCBA4ECD}.Release|x86.Build.0 = Release|Win32
		{34B217C3-A752-4433-A729-2652C5DE3FB6}.Debug|x64.ActiveCfg = Debug|x64
		{34B217C3-A752-4433-A729-2652C5DE3FB6}.Debug|x64.Build.0 = Debug|x64
		{34B217C3-A752-4433-A729-2652C5DE3FB6}.Debug|x86.ActiveCfg = Debug|Win32
		{34B217C3-A752-4433-A729-2652C5DE3FB6}.Debug|x86.Build.0 = Debug|Win32
		{34B217C3-A752-4433-A729-2652C5DE3FB6}.Release|x64.ActiveCfg = Release|x64
		{34B217C3-A752-4433-A729-2652C5DE3FB6}.Release|x64.Build.0 = Release|x64
		{34B217C3-A752-4433-A729-2652C5DE3FB6}.Release|x86.ActiveCfg = Release|Win32
		{34B217C3-A752-4433-A729-2652C5DE3FB6}.Release|x86.Build.0 = Release|Win32
		{91FECE77-E87F-4104-8C03-7DD149A124B5}.Debug|x64.ActiveCfg = Debug|x64
		{91FECE77-E87F-4104-8C03-7DD149A124B5}.Debug|x64.Build.0 = Debug|x64
		{91FECE77-E87F-4104-8C03-7DD149A124B5}.Debug|x86.ActiveCfg = Debug|Win32
		{91FECE77-E87F-4104-8C03-7DD149A124B5}.Debug|x86.Build.0 = Debug|Win32
		{91FECE77-E87F-4104-8C03-7DD149A124B5}.Release|x64.ActiveCfg = Release|x64
		{91FECE77-E87F-4104-8C03-7DD149A124B5}.Release|x64.Build.0 = Release|x64
		{91FECE77-E87F-4104-8C03-7DD149A124B5}.Release|x86.ActiveCfg = Release|Win32
		{91FECE77-E87F-4104-8C03-7DD149A124B5}.Release|x86.Build.0 = Release|Win32
		{39B4678C-22AD-4A1F-BC56-2E6C765291A3}.Debug|x64.ActiveCfg = Debug|x64
		{39B4678C-22AD-4A1F-BC56-2E6C765291A3}.Debug|x64.Build.0 = Debug|x64
		{39B4678C-22AD-4A1F-BC56-2E6C765291A3}.Debug|x86.ActiveCfg = Debug|Win32
		{39B4678C-22AD-4A1F-BC56-2E6C765291A3}.Debug|x86.Build.0 = Debug|Win32
		{39B4678C-22AD-4A1F-BC56-2E6C765291A3}.Release|x64.ActiveCfg = Release|x64
		{39B4678C-22AD-4A1F-BC56-2E6C765291A3}.Release|x64.Build.0 = Release|x64
		{39B4678C-22AD-4A1F-BC56-2E6C765291A3}.Release|x86.ActiveCfg = Release|Win32
		{39B4678C-22AD-4A1F-BC56-2E6C765291A3}.Release|x86.Build.0 = Release|Win32
		{A8AE39E4-D579-444A-B02F-97666F398694}.Debug|x64.ActiveCfg = Debug|x64
		{A8AE39E4-D579-444A-B02F-97666F398694}.Debug|x64.Build.0 = Debug|x64
		{A8AE39E4-D579-444A-B02F-97666F398694}.Debug|x86.ActiveCfg = Debug|Win32
		{A8AE39E4-D579-444A-B02F-97666F398694}.Debug|x86.Build.0 = Debug|Win32
		{A8AE39E4-D579-444A-B02F-97666F398694}.Release|x64.ActiveCfg = Release|x64
		{A8AE39E4-D579-444A-B02F-97666F398694}.Release|x64.Build.0 = Release|x64
		{A8AE39E4-D579-444A-B02F-97666F398694}.Release|x86.ActiveCfg = Release|Win32
		{A8AE39E4-D579-444A-B02F-97666F398694}.Release|x86.Build.0 = Release|Win32
	EndGlobalSection
	GlobalSection(SolutionProperties) = preSolution
		HideSolutionNode = FALSE
	EndGlobalSection
	GlobalSection(ExtensibilityGlobals) = postSolution
		SolutionGuid = {EB3C73A6-8135-4C8C-8E75-7070E1F2C348}
	EndGlobalSection
EndGlobal
