
Microsoft Visual Studio Solution File, Format Version 12.00
# Visual Studio 15
VisualStudioVersion = 15.0.27703.2047
MinimumVisualStudioVersion = 10.0.40219.1
Project("{FAE04EC0-301F-11D3-BF4B-00C04F79EFBC}") = "IntroToCSharp", "IntroToCSharp\IntroToCSharp.csproj", "{F3ADA3E7-1944-47BC-96C9-1798EA161853}"
EndProject
Project("{FAE04EC0-301F-11D3-BF4B-00C04F79EFBC}") = "Properties", "Properties\Properties.csproj", "{A939226B-8B63-4BF8-9F22-00EA8E2C1DAF}"
EndProject
Project("{FAE04EC0-301F-11D3-BF4B-00C04F79EFBC}") = "Interfaces", "Interfaces\Interfaces.csproj", "{4194D4BA-C0D2-42C2-9B8F-747B9981022D}"
EndProject
Project("{FAE04EC0-301F-11D3-BF4B-00C04F79EFBC}") = "CustomEquatableStructs", "CustomEquatableStructs\CustomEquatableStructs.csproj", "{97400020-4A4A-4DA0-826F-2D6A55343C5D}"
EndProject
Project("{FAE04EC0-301F-11D3-BF4B-00C04F79EFBC}") = "Serialization", "Serialization\Serialization.csproj", "{CBF70BB7-B913-42D0-A0D2-CEDE0FCE3006}"
EndProject
Global
	GlobalSection(SolutionConfigurationPlatforms) = preSolution
		Debug|Any CPU = Debug|Any CPU
		Release|Any CPU = Release|Any CPU
	EndGlobalSection
	GlobalSection(ProjectConfigurationPlatforms) = postSolution
		{F3ADA3E7-1944-47BC-96C9-1798EA161853}.Debug|Any CPU.ActiveCfg = Debug|Any CPU
		{F3ADA3E7-1944-47BC-96C9-1798EA161853}.Debug|Any CPU.Build.0 = Debug|Any CPU
		{F3ADA3E7-1944-47BC-96C9-1798EA161853}.Release|Any CPU.ActiveCfg = Release|Any CPU
		{F3ADA3E7-1944-47BC-96C9-1798EA161853}.Release|Any CPU.Build.0 = Release|Any CPU
		{A939226B-8B63-4BF8-9F22-00EA8E2C1DAF}.Debug|Any CPU.ActiveCfg = Debug|Any CPU
		{A939226B-8B63-4BF8-9F22-00EA8E2C1DAF}.Debug|Any CPU.Build.0 = Debug|Any CPU
		{A939226B-8B63-4BF8-9F22-00EA8E2C1DAF}.Release|Any CPU.ActiveCfg = Release|Any CPU
		{A939226B-8B63-4BF8-9F22-00EA8E2C1DAF}.Release|Any CPU.Build.0 = Release|Any CPU
		{4194D4BA-C0D2-42C2-9B8F-747B9981022D}.Debug|Any CPU.ActiveCfg = Debug|Any CPU
		{4194D4BA-C0D2-42C2-9B8F-747B9981022D}.Debug|Any CPU.Build.0 = Debug|Any CPU
		{4194D4BA-C0D2-42C2-9B8F-747B9981022D}.Release|Any CPU.ActiveCfg = Release|Any CPU
		{4194D4BA-C0D2-42C2-9B8F-747B9981022D}.Release|Any CPU.Build.0 = Release|Any CPU
		{97400020-4A4A-4DA0-826F-2D6A55343C5D}.Debug|Any CPU.ActiveCfg = Debug|Any CPU
		{97400020-4A4A-4DA0-826F-2D6A55343C5D}.Debug|Any CPU.Build.0 = Debug|Any CPU
		{97400020-4A4A-4DA0-826F-2D6A55343C5D}.Release|Any CPU.ActiveCfg = Release|Any CPU
		{97400020-4A4A-4DA0-826F-2D6A55343C5D}.Release|Any CPU.Build.0 = Release|Any CPU
		{CBF70BB7-B913-42D0-A0D2-CEDE0FCE3006}.Debug|Any CPU.ActiveCfg = Debug|Any CPU
		{CBF70BB7-B913-42D0-A0D2-CEDE0FCE3006}.Debug|Any CPU.Build.0 = Debug|Any CPU
		{CBF70BB7-B913-42D0-A0D2-CEDE0FCE3006}.Release|Any CPU.ActiveCfg = Release|Any CPU
		{CBF70BB7-B913-42D0-A0D2-CEDE0FCE3006}.Release|Any CPU.Build.0 = Release|Any CPU
	EndGlobalSection
	GlobalSection(SolutionProperties) = preSolution
		HideSolutionNode = FALSE
	EndGlobalSection
	GlobalSection(ExtensibilityGlobals) = postSolution
		SolutionGuid = {77274A37-9609-42DA-AEB5-0DB772E89799}
	EndGlobalSection
EndGlobal
