
Microsoft Visual Studio Solution File, Format Version 12.00
# Visual Studio 15
VisualStudioVersion = 15.0.27703.2047
MinimumVisualStudioVersion = 10.0.40219.1
Project("{FAE04EC0-301F-11D3-BF4B-00C04F79EFBC}") = "MySteamQuery", "MySteamQuery\MySteamQuery.csproj", "{B39EF091-259F-47DA-A438-BA8982FC46D5}"
EndProject
Global
	GlobalSection(SolutionConfigurationPlatforms) = preSolution
		Debug|Any CPU = Debug|Any CPU
		Release|Any CPU = Release|Any CPU
	EndGlobalSection
	GlobalSection(ProjectConfigurationPlatforms) = postSolution
		{B39EF091-259F-47DA-A438-BA8982FC46D5}.Debug|Any CPU.ActiveCfg = Debug|Any CPU
		{B39EF091-259F-47DA-A438-BA8982FC46D5}.Debug|Any CPU.Build.0 = Debug|Any CPU
		{B39EF091-259F-47DA-A438-BA8982FC46D5}.Release|Any CPU.ActiveCfg = Release|Any CPU
		{B39EF091-259F-47DA-A438-BA8982FC46D5}.Release|Any CPU.Build.0 = Release|Any CPU
	EndGlobalSection
	GlobalSection(SolutionProperties) = preSolution
		HideSolutionNode = FALSE
	EndGlobalSection
	GlobalSection(ExtensibilityGlobals) = postSolution
		SolutionGuid = {464ADE8B-517A-41FC-B50B-368D9F191751}
	EndGlobalSection
EndGlobal
